// !$*UTF8*$!
{
	archiveVersion = 1;
	classes = {
	};
	objectVersion = 52;
	objects = {

/* Begin PBXBuildFile section */
		71657CFE2625622F006113F9 /* API.swift in Sources */ = {isa = PBXBuildFile; fileRef = 71657CFD2625622F006113F9 /* API.swift */; };
		71657CFF2625622F006113F9 /* API.swift in Sources */ = {isa = PBXBuildFile; fileRef = 71657CFD2625622F006113F9 /* API.swift */; };
		71657D002625622F006113F9 /* API.swift in Sources */ = {isa = PBXBuildFile; fileRef = 71657CFD2625622F006113F9 /* API.swift */; };
		71657D0526256566006113F9 /* NetworkManager.swift in Sources */ = {isa = PBXBuildFile; fileRef = 71657D0426256566006113F9 /* NetworkManager.swift */; };
		71657D0626256566006113F9 /* NetworkManager.swift in Sources */ = {isa = PBXBuildFile; fileRef = 71657D0426256566006113F9 /* NetworkManager.swift */; };
		71657D0726256566006113F9 /* NetworkManager.swift in Sources */ = {isa = PBXBuildFile; fileRef = 71657D0426256566006113F9 /* NetworkManager.swift */; };
		71657D1326256ADA006113F9 /* Weather.swift in Sources */ = {isa = PBXBuildFile; fileRef = 71657D1226256ADA006113F9 /* Weather.swift */; };
		71657D1426256ADA006113F9 /* Weather.swift in Sources */ = {isa = PBXBuildFile; fileRef = 71657D1226256ADA006113F9 /* Weather.swift */; };
		71657D1526256ADA006113F9 /* Weather.swift in Sources */ = {isa = PBXBuildFile; fileRef = 71657D1226256ADA006113F9 /* Weather.swift */; };
		716D0E6C2625812500DE9FEA /* CityViewModel.swift in Sources */ = {isa = PBXBuildFile; fileRef = 716D0E6B2625812500DE9FEA /* CityViewModel.swift */; };
		716D0E6D2625812500DE9FEA /* CityViewModel.swift in Sources */ = {isa = PBXBuildFile; fileRef = 716D0E6B2625812500DE9FEA /* CityViewModel.swift */; };
		716D0E6E2625812500DE9FEA /* CityViewModel.swift in Sources */ = {isa = PBXBuildFile; fileRef = 716D0E6B2625812500DE9FEA /* CityViewModel.swift */; };
		716D0E742625A19500DE9FEA /* Lottie in Frameworks */ = {isa = PBXBuildFile; productRef = 716D0E732625A19500DE9FEA /* Lottie */; };
		716D0E792625A1D700DE9FEA /* LottieView.swift in Sources */ = {isa = PBXBuildFile; fileRef = 716D0E782625A1D700DE9FEA /* LottieView.swift */; };
		716D0E7A2625A1D700DE9FEA /* LottieView.swift in Sources */ = {isa = PBXBuildFile; fileRef = 716D0E782625A1D700DE9FEA /* LottieView.swift */; };
		716D0E7B2625A1D700DE9FEA /* LottieView.swift in Sources */ = {isa = PBXBuildFile; fileRef = 716D0E782625A1D700DE9FEA /* LottieView.swift */; };
		716D0E832625C35300DE9FEA /* MenuHeaderView.swift in Sources */ = {isa = PBXBuildFile; fileRef = 716D0E822625C35300DE9FEA /* MenuHeaderView.swift */; };
		716D0E842625C35300DE9FEA /* MenuHeaderView.swift in Sources */ = {isa = PBXBuildFile; fileRef = 716D0E822625C35300DE9FEA /* MenuHeaderView.swift */; };
		716D0E852625C35300DE9FEA /* MenuHeaderView.swift in Sources */ = {isa = PBXBuildFile; fileRef = 716D0E822625C35300DE9FEA /* MenuHeaderView.swift */; };
		716D0E8A2625C76400DE9FEA /* CityNameView.swift in Sources */ = {isa = PBXBuildFile; fileRef = 716D0E892625C76400DE9FEA /* CityNameView.swift */; };
		716D0E8B2625C76400DE9FEA /* CityNameView.swift in Sources */ = {isa = PBXBuildFile; fileRef = 716D0E892625C76400DE9FEA /* CityNameView.swift */; };
		716D0E8C2625C76400DE9FEA /* CityNameView.swift in Sources */ = {isa = PBXBuildFile; fileRef = 716D0E892625C76400DE9FEA /* CityNameView.swift */; };
		716D0E912626C94800DE9FEA /* TodayWeatherView.swift in Sources */ = {isa = PBXBuildFile; fileRef = 716D0E902626C94800DE9FEA /* TodayWeatherView.swift */; };
		716D0E922626C94800DE9FEA /* TodayWeatherView.swift in Sources */ = {isa = PBXBuildFile; fileRef = 716D0E902626C94800DE9FEA /* TodayWeatherView.swift */; };
		716D0E932626C94800DE9FEA /* TodayWeatherView.swift in Sources */ = {isa = PBXBuildFile; fileRef = 716D0E902626C94800DE9FEA /* TodayWeatherView.swift */; };
		716D0E982626D4D900DE9FEA /* HourlyView.swift in Sources */ = {isa = PBXBuildFile; fileRef = 716D0E972626D4D900DE9FEA /* HourlyView.swift */; };
		716D0E992626D4D900DE9FEA /* HourlyView.swift in Sources */ = {isa = PBXBuildFile; fileRef = 716D0E972626D4D900DE9FEA /* HourlyView.swift */; };
		716D0E9A2626D4D900DE9FEA /* HourlyView.swift in Sources */ = {isa = PBXBuildFile; fileRef = 716D0E972626D4D900DE9FEA /* HourlyView.swift */; };
		716D0EA22626E0AF00DE9FEA /* DailyHourView.swift in Sources */ = {isa = PBXBuildFile; fileRef = 716D0EA12626E0AF00DE9FEA /* DailyHourView.swift */; };
		716D0EA32626E0AF00DE9FEA /* DailyHourView.swift in Sources */ = {isa = PBXBuildFile; fileRef = 716D0EA12626E0AF00DE9FEA /* DailyHourView.swift */; };
		716D0EA42626E0AF00DE9FEA /* DailyHourView.swift in Sources */ = {isa = PBXBuildFile; fileRef = 716D0EA12626E0AF00DE9FEA /* DailyHourView.swift */; };
		716D0EA92626E68C00DE9FEA /* CityView.swift in Sources */ = {isa = PBXBuildFile; fileRef = 716D0EA82626E68C00DE9FEA /* CityView.swift */; };
		716D0EAA2626E68C00DE9FEA /* CityView.swift in Sources */ = {isa = PBXBuildFile; fileRef = 716D0EA82626E68C00DE9FEA /* CityView.swift */; };
		716D0EAB2626E68C00DE9FEA /* CityView.swift in Sources */ = {isa = PBXBuildFile; fileRef = 716D0EA82626E68C00DE9FEA /* CityView.swift */; };
		716D0EBD2626EBB700DE9FEA /* nightThunderstorm.json in Resources */ = {isa = PBXBuildFile; fileRef = 716D0EAF2626EBB400DE9FEA /* nightThunderstorm.json */; };
		716D0EBE2626EBB700DE9FEA /* nightThunderstorm.json in Resources */ = {isa = PBXBuildFile; fileRef = 716D0EAF2626EBB400DE9FEA /* nightThunderstorm.json */; };
		716D0EBF2626EBB700DE9FEA /* nightThunderstorm.json in Resources */ = {isa = PBXBuildFile; fileRef = 716D0EAF2626EBB400DE9FEA /* nightThunderstorm.json */; };
		716D0EC02626EBB700DE9FEA /* nightSnow.json in Resources */ = {isa = PBXBuildFile; fileRef = 716D0EB02626EBB500DE9FEA /* nightSnow.json */; };
		716D0EC12626EBB700DE9FEA /* nightSnow.json in Resources */ = {isa = PBXBuildFile; fileRef = 716D0EB02626EBB500DE9FEA /* nightSnow.json */; };
		716D0EC22626EBB700DE9FEA /* nightSnow.json in Resources */ = {isa = PBXBuildFile; fileRef = 716D0EB02626EBB500DE9FEA /* nightSnow.json */; };
		716D0EC32626EBB700DE9FEA /* dayClearSky.json in Resources */ = {isa = PBXBuildFile; fileRef = 716D0EB12626EBB500DE9FEA /* dayClearSky.json */; };
		716D0EC42626EBB700DE9FEA /* dayClearSky.json in Resources */ = {isa = PBXBuildFile; fileRef = 716D0EB12626EBB500DE9FEA /* dayClearSky.json */; };
		716D0EC52626EBB700DE9FEA /* dayClearSky.json in Resources */ = {isa = PBXBuildFile; fileRef = 716D0EB12626EBB500DE9FEA /* dayClearSky.json */; };
		716D0EC62626EBB700DE9FEA /* nightRain.json in Resources */ = {isa = PBXBuildFile; fileRef = 716D0EB22626EBB500DE9FEA /* nightRain.json */; };
		716D0EC72626EBB700DE9FEA /* nightRain.json in Resources */ = {isa = PBXBuildFile; fileRef = 716D0EB22626EBB500DE9FEA /* nightRain.json */; };
		716D0EC82626EBB700DE9FEA /* nightRain.json in Resources */ = {isa = PBXBuildFile; fileRef = 716D0EB22626EBB500DE9FEA /* nightRain.json */; };
		716D0EC92626EBB700DE9FEA /* nightClearSky.json in Resources */ = {isa = PBXBuildFile; fileRef = 716D0EB32626EBB500DE9FEA /* nightClearSky.json */; };
		716D0ECA2626EBB700DE9FEA /* nightClearSky.json in Resources */ = {isa = PBXBuildFile; fileRef = 716D0EB32626EBB500DE9FEA /* nightClearSky.json */; };
		716D0ECB2626EBB700DE9FEA /* nightClearSky.json in Resources */ = {isa = PBXBuildFile; fileRef = 716D0EB32626EBB500DE9FEA /* nightClearSky.json */; };
		716D0ECC2626EBB700DE9FEA /* nightScatteredClouds.json in Resources */ = {isa = PBXBuildFile; fileRef = 716D0EB42626EBB500DE9FEA /* nightScatteredClouds.json */; };
		716D0ECD2626EBB700DE9FEA /* nightScatteredClouds.json in Resources */ = {isa = PBXBuildFile; fileRef = 716D0EB42626EBB500DE9FEA /* nightScatteredClouds.json */; };
		716D0ECE2626EBB700DE9FEA /* nightScatteredClouds.json in Resources */ = {isa = PBXBuildFile; fileRef = 716D0EB42626EBB500DE9FEA /* nightScatteredClouds.json */; };
		716D0ECF2626EBB700DE9FEA /* dayFewClouds.json in Resources */ = {isa = PBXBuildFile; fileRef = 716D0EB52626EBB600DE9FEA /* dayFewClouds.json */; };
		716D0ED02626EBB700DE9FEA /* dayFewClouds.json in Resources */ = {isa = PBXBuildFile; fileRef = 716D0EB52626EBB600DE9FEA /* dayFewClouds.json */; };
		716D0ED12626EBB700DE9FEA /* dayFewClouds.json in Resources */ = {isa = PBXBuildFile; fileRef = 716D0EB52626EBB600DE9FEA /* dayFewClouds.json */; };
		716D0ED22626EBB700DE9FEA /* daySnow.json in Resources */ = {isa = PBXBuildFile; fileRef = 716D0EB62626EBB600DE9FEA /* daySnow.json */; };
		716D0ED32626EBB700DE9FEA /* daySnow.json in Resources */ = {isa = PBXBuildFile; fileRef = 716D0EB62626EBB600DE9FEA /* daySnow.json */; };
		716D0ED42626EBB700DE9FEA /* daySnow.json in Resources */ = {isa = PBXBuildFile; fileRef = 716D0EB62626EBB600DE9FEA /* daySnow.json */; };
		716D0ED52626EBB700DE9FEA /* nightShowerRains.json in Resources */ = {isa = PBXBuildFile; fileRef = 716D0EB72626EBB600DE9FEA /* nightShowerRains.json */; };
		716D0ED62626EBB700DE9FEA /* nightShowerRains.json in Resources */ = {isa = PBXBuildFile; fileRef = 716D0EB72626EBB600DE9FEA /* nightShowerRains.json */; };
		716D0ED72626EBB700DE9FEA /* nightShowerRains.json in Resources */ = {isa = PBXBuildFile; fileRef = 716D0EB72626EBB600DE9FEA /* nightShowerRains.json */; };
		716D0ED82626EBB700DE9FEA /* nightFewClouds.json in Resources */ = {isa = PBXBuildFile; fileRef = 716D0EB82626EBB600DE9FEA /* nightFewClouds.json */; };
		716D0ED92626EBB700DE9FEA /* nightFewClouds.json in Resources */ = {isa = PBXBuildFile; fileRef = 716D0EB82626EBB600DE9FEA /* nightFewClouds.json */; };
		716D0EDA2626EBB700DE9FEA /* nightFewClouds.json in Resources */ = {isa = PBXBuildFile; fileRef = 716D0EB82626EBB600DE9FEA /* nightFewClouds.json */; };
		716D0EDB2626EBB700DE9FEA /* dayScatteredClouds.json in Resources */ = {isa = PBXBuildFile; fileRef = 716D0EB92626EBB600DE9FEA /* dayScatteredClouds.json */; };
		716D0EDC2626EBB700DE9FEA /* dayScatteredClouds.json in Resources */ = {isa = PBXBuildFile; fileRef = 716D0EB92626EBB600DE9FEA /* dayScatteredClouds.json */; };
		716D0EDD2626EBB700DE9FEA /* dayScatteredClouds.json in Resources */ = {isa = PBXBuildFile; fileRef = 716D0EB92626EBB600DE9FEA /* dayScatteredClouds.json */; };
		716D0EDE2626EBB700DE9FEA /* dayMist.json in Resources */ = {isa = PBXBuildFile; fileRef = 716D0EBA2626EBB600DE9FEA /* dayMist.json */; };
		716D0EDF2626EBB700DE9FEA /* dayMist.json in Resources */ = {isa = PBXBuildFile; fileRef = 716D0EBA2626EBB600DE9FEA /* dayMist.json */; };
		716D0EE02626EBB700DE9FEA /* dayMist.json in Resources */ = {isa = PBXBuildFile; fileRef = 716D0EBA2626EBB600DE9FEA /* dayMist.json */; };
		716D0EE12626EBB700DE9FEA /* nightMist.json in Resources */ = {isa = PBXBuildFile; fileRef = 716D0EBB2626EBB600DE9FEA /* nightMist.json */; };
		716D0EE22626EBB700DE9FEA /* nightMist.json in Resources */ = {isa = PBXBuildFile; fileRef = 716D0EBB2626EBB600DE9FEA /* nightMist.json */; };
		716D0EE32626EBB700DE9FEA /* nightMist.json in Resources */ = {isa = PBXBuildFile; fileRef = 716D0EBB2626EBB600DE9FEA /* nightMist.json */; };
		716D0EE42626EBB700DE9FEA /* nightBrokenClouds.json in Resources */ = {isa = PBXBuildFile; fileRef = 716D0EBC2626EBB600DE9FEA /* nightBrokenClouds.json */; };
		716D0EE52626EBB700DE9FEA /* nightBrokenClouds.json in Resources */ = {isa = PBXBuildFile; fileRef = 716D0EBC2626EBB600DE9FEA /* nightBrokenClouds.json */; };
		716D0EE62626EBB700DE9FEA /* nightBrokenClouds.json in Resources */ = {isa = PBXBuildFile; fileRef = 716D0EBC2626EBB600DE9FEA /* nightBrokenClouds.json */; };
		716FF6DC261EE6A9009AF6F9 /* WeatherForecastApp.swift in Sources */ = {isa = PBXBuildFile; fileRef = 716FF6DB261EE6A9009AF6F9 /* WeatherForecastApp.swift */; };
		716FF6DE261EE6A9009AF6F9 /* ContentView.swift in Sources */ = {isa = PBXBuildFile; fileRef = 716FF6DD261EE6A9009AF6F9 /* ContentView.swift */; };
		716FF6E0261EE6AD009AF6F9 /* Assets.xcassets in Resources */ = {isa = PBXBuildFile; fileRef = 716FF6DF261EE6AD009AF6F9 /* Assets.xcassets */; };
		716FF6E3261EE6AD009AF6F9 /* Preview Assets.xcassets in Resources */ = {isa = PBXBuildFile; fileRef = 716FF6E2261EE6AD009AF6F9 /* Preview Assets.xcassets */; };
		716FF6EE261EE6AE009AF6F9 /* WeatherForecastTests.swift in Sources */ = {isa = PBXBuildFile; fileRef = 716FF6ED261EE6AE009AF6F9 /* WeatherForecastTests.swift */; };
		716FF6F9261EE6AE009AF6F9 /* WeatherForecastUITests.swift in Sources */ = {isa = PBXBuildFile; fileRef = 716FF6F8261EE6AE009AF6F9 /* WeatherForecastUITests.swift */; };
		716FF720261F046C009AF6F9 /* Constants.swift in Sources */ = {isa = PBXBuildFile; fileRef = 716FF71F261F046C009AF6F9 /* Constants.swift */; };
		716FF721261F046C009AF6F9 /* Constants.swift in Sources */ = {isa = PBXBuildFile; fileRef = 716FF71F261F046C009AF6F9 /* Constants.swift */; };
		716FF722261F046C009AF6F9 /* Constants.swift in Sources */ = {isa = PBXBuildFile; fileRef = 716FF71F261F046C009AF6F9 /* Constants.swift */; };
		716FF72B261F09AF009AF6F9 /* LocationManager.swift in Sources */ = {isa = PBXBuildFile; fileRef = 716FF72A261F09AF009AF6F9 /* LocationManager.swift */; };
		716FF72C261F09AF009AF6F9 /* LocationManager.swift in Sources */ = {isa = PBXBuildFile; fileRef = 716FF72A261F09AF009AF6F9 /* LocationManager.swift */; };
		716FF72D261F09AF009AF6F9 /* LocationManager.swift in Sources */ = {isa = PBXBuildFile; fileRef = 716FF72A261F09AF009AF6F9 /* LocationManager.swift */; };
/* End PBXBuildFile section */

/* Begin PBXContainerItemProxy section */
		716FF6EA261EE6AE009AF6F9 /* PBXContainerItemProxy */ = {
			isa = PBXContainerItemProxy;
			containerPortal = 716FF6D0261EE6A9009AF6F9 /* Project object */;
			proxyType = 1;
			remoteGlobalIDString = 716FF6D7261EE6A9009AF6F9;
			remoteInfo = WeatherForecast;
		};
		716FF6F5261EE6AE009AF6F9 /* PBXContainerItemProxy */ = {
			isa = PBXContainerItemProxy;
			containerPortal = 716FF6D0261EE6A9009AF6F9 /* Project object */;
			proxyType = 1;
			remoteGlobalIDString = 716FF6D7261EE6A9009AF6F9;
			remoteInfo = WeatherForecast;
		};
/* End PBXContainerItemProxy section */

/* Begin PBXFileReference section */
		71657CFD2625622F006113F9 /* API.swift */ = {isa = PBXFileReference; lastKnownFileType = sourcecode.swift; path = API.swift; sourceTree = "<group>"; };
		71657D0426256566006113F9 /* NetworkManager.swift */ = {isa = PBXFileReference; lastKnownFileType = sourcecode.swift; path = NetworkManager.swift; sourceTree = "<group>"; };
		71657D1226256ADA006113F9 /* Weather.swift */ = {isa = PBXFileReference; lastKnownFileType = sourcecode.swift; path = Weather.swift; sourceTree = "<group>"; };
		716D0E6B2625812500DE9FEA /* CityViewModel.swift */ = {isa = PBXFileReference; lastKnownFileType = sourcecode.swift; path = CityViewModel.swift; sourceTree = "<group>"; };
		716D0E782625A1D700DE9FEA /* LottieView.swift */ = {isa = PBXFileReference; lastKnownFileType = sourcecode.swift; path = LottieView.swift; sourceTree = "<group>"; };
		716D0E822625C35300DE9FEA /* MenuHeaderView.swift */ = {isa = PBXFileReference; lastKnownFileType = sourcecode.swift; path = MenuHeaderView.swift; sourceTree = "<group>"; };
		716D0E892625C76400DE9FEA /* CityNameView.swift */ = {isa = PBXFileReference; lastKnownFileType = sourcecode.swift; path = CityNameView.swift; sourceTree = "<group>"; };
		716D0E902626C94800DE9FEA /* TodayWeatherView.swift */ = {isa = PBXFileReference; lastKnownFileType = sourcecode.swift; path = TodayWeatherView.swift; sourceTree = "<group>"; };
		716D0E972626D4D900DE9FEA /* HourlyView.swift */ = {isa = PBXFileReference; lastKnownFileType = sourcecode.swift; path = HourlyView.swift; sourceTree = "<group>"; };
		716D0EA12626E0AF00DE9FEA /* DailyHourView.swift */ = {isa = PBXFileReference; lastKnownFileType = sourcecode.swift; path = DailyHourView.swift; sourceTree = "<group>"; };
		716D0EA82626E68C00DE9FEA /* CityView.swift */ = {isa = PBXFileReference; lastKnownFileType = sourcecode.swift; path = CityView.swift; sourceTree = "<group>"; };
		716D0EAF2626EBB400DE9FEA /* nightThunderstorm.json */ = {isa = PBXFileReference; fileEncoding = 4; lastKnownFileType = text.json; path = nightThunderstorm.json; sourceTree = "<group>"; };
		716D0EB02626EBB500DE9FEA /* nightSnow.json */ = {isa = PBXFileReference; fileEncoding = 4; lastKnownFileType = text.json; path = nightSnow.json; sourceTree = "<group>"; };
		716D0EB12626EBB500DE9FEA /* dayClearSky.json */ = {isa = PBXFileReference; fileEncoding = 4; lastKnownFileType = text.json; path = dayClearSky.json; sourceTree = "<group>"; };
		716D0EB22626EBB500DE9FEA /* nightRain.json */ = {isa = PBXFileReference; fileEncoding = 4; lastKnownFileType = text.json; path = nightRain.json; sourceTree = "<group>"; };
		716D0EB32626EBB500DE9FEA /* nightClearSky.json */ = {isa = PBXFileReference; fileEncoding = 4; lastKnownFileType = text.json; path = nightClearSky.json; sourceTree = "<group>"; };
		716D0EB42626EBB500DE9FEA /* nightScatteredClouds.json */ = {isa = PBXFileReference; fileEncoding = 4; lastKnownFileType = text.json; path = nightScatteredClouds.json; sourceTree = "<group>"; };
		716D0EB52626EBB600DE9FEA /* dayFewClouds.json */ = {isa = PBXFileReference; fileEncoding = 4; lastKnownFileType = text.json; path = dayFewClouds.json; sourceTree = "<group>"; };
		716D0EB62626EBB600DE9FEA /* daySnow.json */ = {isa = PBXFileReference; fileEncoding = 4; lastKnownFileType = text.json; path = daySnow.json; sourceTree = "<group>"; };
		716D0EB72626EBB600DE9FEA /* nightShowerRains.json */ = {isa = PBXFileReference; fileEncoding = 4; lastKnownFileType = text.json; path = nightShowerRains.json; sourceTree = "<group>"; };
		716D0EB82626EBB600DE9FEA /* nightFewClouds.json */ = {isa = PBXFileReference; fileEncoding = 4; lastKnownFileType = text.json; path = nightFewClouds.json; sourceTree = "<group>"; };
		716D0EB92626EBB600DE9FEA /* dayScatteredClouds.json */ = {isa = PBXFileReference; fileEncoding = 4; lastKnownFileType = text.json; path = dayScatteredClouds.json; sourceTree = "<group>"; };
		716D0EBA2626EBB600DE9FEA /* dayMist.json */ = {isa = PBXFileReference; fileEncoding = 4; lastKnownFileType = text.json; path = dayMist.json; sourceTree = "<group>"; };
		716D0EBB2626EBB600DE9FEA /* nightMist.json */ = {isa = PBXFileReference; fileEncoding = 4; lastKnownFileType = text.json; path = nightMist.json; sourceTree = "<group>"; };
		716D0EBC2626EBB600DE9FEA /* nightBrokenClouds.json */ = {isa = PBXFileReference; fileEncoding = 4; lastKnownFileType = text.json; path = nightBrokenClouds.json; sourceTree = "<group>"; };
		716FF6D8261EE6A9009AF6F9 /* WeatherForecast.app */ = {isa = PBXFileReference; explicitFileType = wrapper.application; includeInIndex = 0; path = WeatherForecast.app; sourceTree = BUILT_PRODUCTS_DIR; };
		716FF6DB261EE6A9009AF6F9 /* WeatherForecastApp.swift */ = {isa = PBXFileReference; lastKnownFileType = sourcecode.swift; path = WeatherForecastApp.swift; sourceTree = "<group>"; };
		716FF6DD261EE6A9009AF6F9 /* ContentView.swift */ = {isa = PBXFileReference; lastKnownFileType = sourcecode.swift; path = ContentView.swift; sourceTree = "<group>"; };
		716FF6DF261EE6AD009AF6F9 /* Assets.xcassets */ = {isa = PBXFileReference; lastKnownFileType = folder.assetcatalog; path = Assets.xcassets; sourceTree = "<group>"; };
		716FF6E2261EE6AD009AF6F9 /* Preview Assets.xcassets */ = {isa = PBXFileReference; lastKnownFileType = folder.assetcatalog; path = "Preview Assets.xcassets"; sourceTree = "<group>"; };
		716FF6E4261EE6AD009AF6F9 /* Info.plist */ = {isa = PBXFileReference; lastKnownFileType = text.plist.xml; path = Info.plist; sourceTree = "<group>"; };
		716FF6E9261EE6AE009AF6F9 /* WeatherForecastTests.xctest */ = {isa = PBXFileReference; explicitFileType = wrapper.cfbundle; includeInIndex = 0; path = WeatherForecastTests.xctest; sourceTree = BUILT_PRODUCTS_DIR; };
		716FF6ED261EE6AE009AF6F9 /* WeatherForecastTests.swift */ = {isa = PBXFileReference; lastKnownFileType = sourcecode.swift; path = WeatherForecastTests.swift; sourceTree = "<group>"; };
		716FF6EF261EE6AE009AF6F9 /* Info.plist */ = {isa = PBXFileReference; lastKnownFileType = text.plist.xml; path = Info.plist; sourceTree = "<group>"; };
		716FF6F4261EE6AE009AF6F9 /* WeatherForecastUITests.xctest */ = {isa = PBXFileReference; explicitFileType = wrapper.cfbundle; includeInIndex = 0; path = WeatherForecastUITests.xctest; sourceTree = BUILT_PRODUCTS_DIR; };
		716FF6F8261EE6AE009AF6F9 /* WeatherForecastUITests.swift */ = {isa = PBXFileReference; lastKnownFileType = sourcecode.swift; path = WeatherForecastUITests.swift; sourceTree = "<group>"; };
		716FF6FA261EE6AE009AF6F9 /* Info.plist */ = {isa = PBXFileReference; lastKnownFileType = text.plist.xml; path = Info.plist; sourceTree = "<group>"; };
		716FF71F261F046C009AF6F9 /* Constants.swift */ = {isa = PBXFileReference; lastKnownFileType = sourcecode.swift; path = Constants.swift; sourceTree = "<group>"; };
		716FF72A261F09AF009AF6F9 /* LocationManager.swift */ = {isa = PBXFileReference; lastKnownFileType = sourcecode.swift; path = LocationManager.swift; sourceTree = "<group>"; };
/* End PBXFileReference section */

/* Begin PBXFrameworksBuildPhase section */
		716FF6D5261EE6A9009AF6F9 /* Frameworks */ = {
			isa = PBXFrameworksBuildPhase;
			buildActionMask = 2147483647;
			files = (
				716D0E742625A19500DE9FEA /* Lottie in Frameworks */,
			);
			runOnlyForDeploymentPostprocessing = 0;
		};
		716FF6E6261EE6AE009AF6F9 /* Frameworks */ = {
			isa = PBXFrameworksBuildPhase;
			buildActionMask = 2147483647;
			files = (
			);
			runOnlyForDeploymentPostprocessing = 0;
		};
		716FF6F1261EE6AE009AF6F9 /* Frameworks */ = {
			isa = PBXFrameworksBuildPhase;
			buildActionMask = 2147483647;
			files = (
			);
			runOnlyForDeploymentPostprocessing = 0;
		};
/* End PBXFrameworksBuildPhase section */

/* Begin PBXGroup section */
		71657CF326256161006113F9 /* Models */ = {
			isa = PBXGroup;
			children = (
				71657D1226256ADA006113F9 /* Weather.swift */,
			);
			path = Models;
			sourceTree = "<group>";
		};
		71657CF726256175006113F9 /* Views */ = {
			isa = PBXGroup;
			children = (
				716FF6DD261EE6A9009AF6F9 /* ContentView.swift */,
				716D0E782625A1D700DE9FEA /* LottieView.swift */,
				716D0E822625C35300DE9FEA /* MenuHeaderView.swift */,
				716D0E892625C76400DE9FEA /* CityNameView.swift */,
				716D0E902626C94800DE9FEA /* TodayWeatherView.swift */,
				716D0E972626D4D900DE9FEA /* HourlyView.swift */,
				716D0EA12626E0AF00DE9FEA /* DailyHourView.swift */,
				716D0EA82626E68C00DE9FEA /* CityView.swift */,
			);
			path = Views;
			sourceTree = "<group>";
		};
		71657CF82625617D006113F9 /* ViewModels */ = {
			isa = PBXGroup;
			children = (
				716D0E6B2625812500DE9FEA /* CityViewModel.swift */,
			);
			path = ViewModels;
			sourceTree = "<group>";
		};
		71657CF926256188006113F9 /* LottieAnimations */ = {
			isa = PBXGroup;
			children = (
				716D0EB12626EBB500DE9FEA /* dayClearSky.json */,
				716D0EB52626EBB600DE9FEA /* dayFewClouds.json */,
				716D0EBA2626EBB600DE9FEA /* dayMist.json */,
				716D0EB92626EBB600DE9FEA /* dayScatteredClouds.json */,
				716D0EB62626EBB600DE9FEA /* daySnow.json */,
				716D0EBC2626EBB600DE9FEA /* nightBrokenClouds.json */,
				716D0EB32626EBB500DE9FEA /* nightClearSky.json */,
				716D0EB82626EBB600DE9FEA /* nightFewClouds.json */,
				716D0EBB2626EBB600DE9FEA /* nightMist.json */,
				716D0EB22626EBB500DE9FEA /* nightRain.json */,
				716D0EB42626EBB500DE9FEA /* nightScatteredClouds.json */,
				716D0EB72626EBB600DE9FEA /* nightShowerRains.json */,
				716D0EB02626EBB500DE9FEA /* nightSnow.json */,
				716D0EAF2626EBB400DE9FEA /* nightThunderstorm.json */,
			);
			path = LottieAnimations;
			sourceTree = "<group>";
		};
		716FF6CF261EE6A9009AF6F9 = {
			isa = PBXGroup;
			children = (
				716FF6DA261EE6A9009AF6F9 /* WeatherForecast */,
				716FF6EC261EE6AE009AF6F9 /* WeatherForecastTests */,
				716FF6F7261EE6AE009AF6F9 /* WeatherForecastUITests */,
				716FF6D9261EE6A9009AF6F9 /* Products */,
			);
			sourceTree = "<group>";
		};
		716FF6D9261EE6A9009AF6F9 /* Products */ = {
			isa = PBXGroup;
			children = (
				716FF6D8261EE6A9009AF6F9 /* WeatherForecast.app */,
				716FF6E9261EE6AE009AF6F9 /* WeatherForecastTests.xctest */,
				716FF6F4261EE6AE009AF6F9 /* WeatherForecastUITests.xctest */,
			);
			name = Products;
			sourceTree = "<group>";
		};
		716FF6DA261EE6A9009AF6F9 /* WeatherForecast */ = {
			isa = PBXGroup;
			children = (
				71657CF926256188006113F9 /* LottieAnimations */,
				71657CF82625617D006113F9 /* ViewModels */,
				71657CF726256175006113F9 /* Views */,
				71657CF326256161006113F9 /* Models */,
				716FF74C26203EE2009AF6F9 /* Networking */,
				716FF729261F099A009AF6F9 /* Manager */,
				716FF71D261F044B009AF6F9 /* Utils */,
				716FF6DB261EE6A9009AF6F9 /* WeatherForecastApp.swift */,
				716FF6DF261EE6AD009AF6F9 /* Assets.xcassets */,
				716FF6E4261EE6AD009AF6F9 /* Info.plist */,
				716FF6E1261EE6AD009AF6F9 /* Preview Content */,
			);
			path = WeatherForecast;
			sourceTree = "<group>";
		};
		716FF6E1261EE6AD009AF6F9 /* Preview Content */ = {
			isa = PBXGroup;
			children = (
				716FF6E2261EE6AD009AF6F9 /* Preview Assets.xcassets */,
			);
			path = "Preview Content";
			sourceTree = "<group>";
		};
		716FF6EC261EE6AE009AF6F9 /* WeatherForecastTests */ = {
			isa = PBXGroup;
			children = (
				716FF6ED261EE6AE009AF6F9 /* WeatherForecastTests.swift */,
				716FF6EF261EE6AE009AF6F9 /* Info.plist */,
			);
			path = WeatherForecastTests;
			sourceTree = "<group>";
		};
		716FF6F7261EE6AE009AF6F9 /* WeatherForecastUITests */ = {
			isa = PBXGroup;
			children = (
				716FF6F8261EE6AE009AF6F9 /* WeatherForecastUITests.swift */,
				716FF6FA261EE6AE009AF6F9 /* Info.plist */,
			);
			path = WeatherForecastUITests;
			sourceTree = "<group>";
		};
		716FF71D261F044B009AF6F9 /* Utils */ = {
			isa = PBXGroup;
			children = (
				716FF71E261F045A009AF6F9 /* Constants */,
			);
			path = Utils;
			sourceTree = "<group>";
		};
		716FF71E261F045A009AF6F9 /* Constants */ = {
			isa = PBXGroup;
			children = (
				716FF71F261F046C009AF6F9 /* Constants.swift */,
			);
			path = Constants;
			sourceTree = "<group>";
		};
		716FF729261F099A009AF6F9 /* Manager */ = {
			isa = PBXGroup;
			children = (
				716FF72A261F09AF009AF6F9 /* LocationManager.swift */,
			);
			path = Manager;
			sourceTree = "<group>";
		};
		716FF74C26203EE2009AF6F9 /* Networking */ = {
			isa = PBXGroup;
			children = (
				71657CFD2625622F006113F9 /* API.swift */,
				71657D0426256566006113F9 /* NetworkManager.swift */,
			);
			path = Networking;
			sourceTree = "<group>";
		};
/* End PBXGroup section */

/* Begin PBXNativeTarget section */
		716FF6D7261EE6A9009AF6F9 /* WeatherForecast */ = {
			isa = PBXNativeTarget;
			buildConfigurationList = 716FF6FD261EE6AE009AF6F9 /* Build configuration list for PBXNativeTarget "WeatherForecast" */;
			buildPhases = (
				716FF6D4261EE6A9009AF6F9 /* Sources */,
				716FF6D5261EE6A9009AF6F9 /* Frameworks */,
				716FF6D6261EE6A9009AF6F9 /* Resources */,
			);
			buildRules = (
			);
			dependencies = (
			);
			name = WeatherForecast;
			packageProductDependencies = (
				716D0E732625A19500DE9FEA /* Lottie */,
			);
			productName = WeatherForecast;
			productReference = 716FF6D8261EE6A9009AF6F9 /* WeatherForecast.app */;
			productType = "com.apple.product-type.application";
		};
		716FF6E8261EE6AE009AF6F9 /* WeatherForecastTests */ = {
			isa = PBXNativeTarget;
			buildConfigurationList = 716FF700261EE6AE009AF6F9 /* Build configuration list for PBXNativeTarget "WeatherForecastTests" */;
			buildPhases = (
				716FF6E5261EE6AE009AF6F9 /* Sources */,
				716FF6E6261EE6AE009AF6F9 /* Frameworks */,
				716FF6E7261EE6AE009AF6F9 /* Resources */,
			);
			buildRules = (
			);
			dependencies = (
				716FF6EB261EE6AE009AF6F9 /* PBXTargetDependency */,
			);
			name = WeatherForecastTests;
			productName = WeatherForecastTests;
			productReference = 716FF6E9261EE6AE009AF6F9 /* WeatherForecastTests.xctest */;
			productType = "com.apple.product-type.bundle.unit-test";
		};
		716FF6F3261EE6AE009AF6F9 /* WeatherForecastUITests */ = {
			isa = PBXNativeTarget;
			buildConfigurationList = 716FF703261EE6AE009AF6F9 /* Build configuration list for PBXNativeTarget "WeatherForecastUITests" */;
			buildPhases = (
				716FF6F0261EE6AE009AF6F9 /* Sources */,
				716FF6F1261EE6AE009AF6F9 /* Frameworks */,
				716FF6F2261EE6AE009AF6F9 /* Resources */,
			);
			buildRules = (
			);
			dependencies = (
				716FF6F6261EE6AE009AF6F9 /* PBXTargetDependency */,
			);
			name = WeatherForecastUITests;
			productName = WeatherForecastUITests;
			productReference = 716FF6F4261EE6AE009AF6F9 /* WeatherForecastUITests.xctest */;
			productType = "com.apple.product-type.bundle.ui-testing";
		};
/* End PBXNativeTarget section */

/* Begin PBXProject section */
		716FF6D0261EE6A9009AF6F9 /* Project object */ = {
			isa = PBXProject;
			attributes = {
				LastSwiftUpdateCheck = 1210;
				LastUpgradeCheck = 1210;
				TargetAttributes = {
					716FF6D7261EE6A9009AF6F9 = {
						CreatedOnToolsVersion = 12.1;
					};
					716FF6E8261EE6AE009AF6F9 = {
						CreatedOnToolsVersion = 12.1;
						TestTargetID = 716FF6D7261EE6A9009AF6F9;
					};
					716FF6F3261EE6AE009AF6F9 = {
						CreatedOnToolsVersion = 12.1;
						TestTargetID = 716FF6D7261EE6A9009AF6F9;
					};
				};
			};
			buildConfigurationList = 716FF6D3261EE6A9009AF6F9 /* Build configuration list for PBXProject "WeatherForecast" */;
			compatibilityVersion = "Xcode 9.3";
			developmentRegion = en;
			hasScannedForEncodings = 0;
			knownRegions = (
				en,
				Base,
			);
			mainGroup = 716FF6CF261EE6A9009AF6F9;
			packageReferences = (
				716D0E722625A19500DE9FEA /* XCRemoteSwiftPackageReference "lottie-ios" */,
			);
			productRefGroup = 716FF6D9261EE6A9009AF6F9 /* Products */;
			projectDirPath = "";
			projectRoot = "";
			targets = (
				716FF6D7261EE6A9009AF6F9 /* WeatherForecast */,
				716FF6E8261EE6AE009AF6F9 /* WeatherForecastTests */,
				716FF6F3261EE6AE009AF6F9 /* WeatherForecastUITests */,
			);
		};
/* End PBXProject section */

/* Begin PBXResourcesBuildPhase section */
		716FF6D6261EE6A9009AF6F9 /* Resources */ = {
			isa = PBXResourcesBuildPhase;
			buildActionMask = 2147483647;
			files = (
				716FF6E3261EE6AD009AF6F9 /* Preview Assets.xcassets in Resources */,
				716D0ED82626EBB700DE9FEA /* nightFewClouds.json in Resources */,
				716D0ECF2626EBB700DE9FEA /* dayFewClouds.json in Resources */,
				716D0EE42626EBB700DE9FEA /* nightBrokenClouds.json in Resources */,
				716D0EBD2626EBB700DE9FEA /* nightThunderstorm.json in Resources */,
				716D0EDB2626EBB700DE9FEA /* dayScatteredClouds.json in Resources */,
				716FF6E0261EE6AD009AF6F9 /* Assets.xcassets in Resources */,
				716D0EC02626EBB700DE9FEA /* nightSnow.json in Resources */,
				716D0ED22626EBB700DE9FEA /* daySnow.json in Resources */,
				716D0ECC2626EBB700DE9FEA /* nightScatteredClouds.json in Resources */,
				716D0EDE2626EBB700DE9FEA /* dayMist.json in Resources */,
				716D0EC62626EBB700DE9FEA /* nightRain.json in Resources */,
				716D0EC32626EBB700DE9FEA /* dayClearSky.json in Resources */,
				716D0EC92626EBB700DE9FEA /* nightClearSky.json in Resources */,
				716D0ED52626EBB700DE9FEA /* nightShowerRains.json in Resources */,
				716D0EE12626EBB700DE9FEA /* nightMist.json in Resources */,
			);
			runOnlyForDeploymentPostprocessing = 0;
		};
		716FF6E7261EE6AE009AF6F9 /* Resources */ = {
			isa = PBXResourcesBuildPhase;
			buildActionMask = 2147483647;
			files = (
				716D0EBE2626EBB700DE9FEA /* nightThunderstorm.json in Resources */,
				716D0ED62626EBB700DE9FEA /* nightShowerRains.json in Resources */,
				716D0EDC2626EBB700DE9FEA /* dayScatteredClouds.json in Resources */,
				716D0ED32626EBB700DE9FEA /* daySnow.json in Resources */,
				716D0ECA2626EBB700DE9FEA /* nightClearSky.json in Resources */,
				716D0EC12626EBB700DE9FEA /* nightSnow.json in Resources */,
				716D0ED92626EBB700DE9FEA /* nightFewClouds.json in Resources */,
				716D0EDF2626EBB700DE9FEA /* dayMist.json in Resources */,
				716D0EC72626EBB700DE9FEA /* nightRain.json in Resources */,
				716D0EE22626EBB700DE9FEA /* nightMist.json in Resources */,
				716D0ED02626EBB700DE9FEA /* dayFewClouds.json in Resources */,
				716D0ECD2626EBB700DE9FEA /* nightScatteredClouds.json in Resources */,
				716D0EC42626EBB700DE9FEA /* dayClearSky.json in Resources */,
				716D0EE52626EBB700DE9FEA /* nightBrokenClouds.json in Resources */,
			);
			runOnlyForDeploymentPostprocessing = 0;
		};
		716FF6F2261EE6AE009AF6F9 /* Resources */ = {
			isa = PBXResourcesBuildPhase;
			buildActionMask = 2147483647;
			files = (
				716D0EBF2626EBB700DE9FEA /* nightThunderstorm.json in Resources */,
				716D0ED72626EBB700DE9FEA /* nightShowerRains.json in Resources */,
				716D0EDD2626EBB700DE9FEA /* dayScatteredClouds.json in Resources */,
				716D0ED42626EBB700DE9FEA /* daySnow.json in Resources */,
				716D0ECB2626EBB700DE9FEA /* nightClearSky.json in Resources */,
				716D0EC22626EBB700DE9FEA /* nightSnow.json in Resources */,
				716D0EDA2626EBB700DE9FEA /* nightFewClouds.json in Resources */,
				716D0EE02626EBB700DE9FEA /* dayMist.json in Resources */,
				716D0EC82626EBB700DE9FEA /* nightRain.json in Resources */,
				716D0EE32626EBB700DE9FEA /* nightMist.json in Resources */,
				716D0ED12626EBB700DE9FEA /* dayFewClouds.json in Resources */,
				716D0ECE2626EBB700DE9FEA /* nightScatteredClouds.json in Resources */,
				716D0EC52626EBB700DE9FEA /* dayClearSky.json in Resources */,
				716D0EE62626EBB700DE9FEA /* nightBrokenClouds.json in Resources */,
			);
			runOnlyForDeploymentPostprocessing = 0;
		};
/* End PBXResourcesBuildPhase section */

/* Begin PBXSourcesBuildPhase section */
		716FF6D4261EE6A9009AF6F9 /* Sources */ = {
			isa = PBXSourcesBuildPhase;
			buildActionMask = 2147483647;
			files = (
				71657D0526256566006113F9 /* NetworkManager.swift in Sources */,
				716D0EA92626E68C00DE9FEA /* CityView.swift in Sources */,
				716D0E6C2625812500DE9FEA /* CityViewModel.swift in Sources */,
				716D0E8A2625C76400DE9FEA /* CityNameView.swift in Sources */,
				71657D1326256ADA006113F9 /* Weather.swift in Sources */,
				716D0E912626C94800DE9FEA /* TodayWeatherView.swift in Sources */,
				716FF720261F046C009AF6F9 /* Constants.swift in Sources */,
				716FF6DE261EE6A9009AF6F9 /* ContentView.swift in Sources */,
				716FF72B261F09AF009AF6F9 /* LocationManager.swift in Sources */,
				716D0EA22626E0AF00DE9FEA /* DailyHourView.swift in Sources */,
				716FF6DC261EE6A9009AF6F9 /* WeatherForecastApp.swift in Sources */,
				716D0E792625A1D700DE9FEA /* LottieView.swift in Sources */,
				716D0E982626D4D900DE9FEA /* HourlyView.swift in Sources */,
				716D0E832625C35300DE9FEA /* MenuHeaderView.swift in Sources */,
				71657CFE2625622F006113F9 /* API.swift in Sources */,
			);
			runOnlyForDeploymentPostprocessing = 0;
		};
		716FF6E5261EE6AE009AF6F9 /* Sources */ = {
			isa = PBXSourcesBuildPhase;
			buildActionMask = 2147483647;
			files = (
				716FF6EE261EE6AE009AF6F9 /* WeatherForecastTests.swift in Sources */,
				716FF72C261F09AF009AF6F9 /* LocationManager.swift in Sources */,
				716D0E842625C35300DE9FEA /* MenuHeaderView.swift in Sources */,
				71657D1426256ADA006113F9 /* Weather.swift in Sources */,
				716D0E922626C94800DE9FEA /* TodayWeatherView.swift in Sources */,
				716D0EAA2626E68C00DE9FEA /* CityView.swift in Sources */,
				71657D0626256566006113F9 /* NetworkManager.swift in Sources */,
				716FF721261F046C009AF6F9 /* Constants.swift in Sources */,
				716D0E992626D4D900DE9FEA /* HourlyView.swift in Sources */,
				716D0E7A2625A1D700DE9FEA /* LottieView.swift in Sources */,
				716D0E8B2625C76400DE9FEA /* CityNameView.swift in Sources */,
				716D0EA32626E0AF00DE9FEA /* DailyHourView.swift in Sources */,
				716D0E6D2625812500DE9FEA /* CityViewModel.swift in Sources */,
				71657CFF2625622F006113F9 /* API.swift in Sources */,
			);
			runOnlyForDeploymentPostprocessing = 0;
		};
		716FF6F0261EE6AE009AF6F9 /* Sources */ = {
			isa = PBXSourcesBuildPhase;
			buildActionMask = 2147483647;
			files = (
				716FF6F9261EE6AE009AF6F9 /* WeatherForecastUITests.swift in Sources */,
				716FF72D261F09AF009AF6F9 /* LocationManager.swift in Sources */,
				716D0E852625C35300DE9FEA /* MenuHeaderView.swift in Sources */,
				71657D1526256ADA006113F9 /* Weather.swift in Sources */,
				716D0E932626C94800DE9FEA /* TodayWeatherView.swift in Sources */,
				716D0EAB2626E68C00DE9FEA /* CityView.swift in Sources */,
				71657D0726256566006113F9 /* NetworkManager.swift in Sources */,
				716FF722261F046C009AF6F9 /* Constants.swift in Sources */,
				716D0E9A2626D4D900DE9FEA /* HourlyView.swift in Sources */,
				716D0E7B2625A1D700DE9FEA /* LottieView.swift in Sources */,
				716D0E8C2625C76400DE9FEA /* CityNameView.swift in Sources */,
				716D0EA42626E0AF00DE9FEA /* DailyHourView.swift in Sources */,
				716D0E6E2625812500DE9FEA /* CityViewModel.swift in Sources */,
				71657D002625622F006113F9 /* API.swift in Sources */,
			);
			runOnlyForDeploymentPostprocessing = 0;
		};
/* End PBXSourcesBuildPhase section */

/* Begin PBXTargetDependency section */
		716FF6EB261EE6AE009AF6F9 /* PBXTargetDependency */ = {
			isa = PBXTargetDependency;
			target = 716FF6D7261EE6A9009AF6F9 /* WeatherForecast */;
			targetProxy = 716FF6EA261EE6AE009AF6F9 /* PBXContainerItemProxy */;
		};
		716FF6F6261EE6AE009AF6F9 /* PBXTargetDependency */ = {
			isa = PBXTargetDependency;
			target = 716FF6D7261EE6A9009AF6F9 /* WeatherForecast */;
			targetProxy = 716FF6F5261EE6AE009AF6F9 /* PBXContainerItemProxy */;
		};
/* End PBXTargetDependency section */

/* Begin XCBuildConfiguration section */
		716FF6FB261EE6AE009AF6F9 /* Debug */ = {
			isa = XCBuildConfiguration;
			buildSettings = {
				ALWAYS_SEARCH_USER_PATHS = NO;
				CLANG_ANALYZER_NONNULL = YES;
				CLANG_ANALYZER_NUMBER_OBJECT_CONVERSION = YES_AGGRESSIVE;
				CLANG_CXX_LANGUAGE_STANDARD = "gnu++14";
				CLANG_CXX_LIBRARY = "libc++";
				CLANG_ENABLE_MODULES = YES;
				CLANG_ENABLE_OBJC_ARC = YES;
				CLANG_ENABLE_OBJC_WEAK = YES;
				CLANG_WARN_BLOCK_CAPTURE_AUTORELEASING = YES;
				CLANG_WARN_BOOL_CONVERSION = YES;
				CLANG_WARN_COMMA = YES;
				CLANG_WARN_CONSTANT_CONVERSION = YES;
				CLANG_WARN_DEPRECATED_OBJC_IMPLEMENTATIONS = YES;
				CLANG_WARN_DIRECT_OBJC_ISA_USAGE = YES_ERROR;
				CLANG_WARN_DOCUMENTATION_COMMENTS = YES;
				CLANG_WARN_EMPTY_BODY = YES;
				CLANG_WARN_ENUM_CONVERSION = YES;
				CLANG_WARN_INFINITE_RECURSION = YES;
				CLANG_WARN_INT_CONVERSION = YES;
				CLANG_WARN_NON_LITERAL_NULL_CONVERSION = YES;
				CLANG_WARN_OBJC_IMPLICIT_RETAIN_SELF = YES;
				CLANG_WARN_OBJC_LITERAL_CONVERSION = YES;
				CLANG_WARN_OBJC_ROOT_CLASS = YES_ERROR;
				CLANG_WARN_QUOTED_INCLUDE_IN_FRAMEWORK_HEADER = YES;
				CLANG_WARN_RANGE_LOOP_ANALYSIS = YES;
				CLANG_WARN_STRICT_PROTOTYPES = YES;
				CLANG_WARN_SUSPICIOUS_MOVE = YES;
				CLANG_WARN_UNGUARDED_AVAILABILITY = YES_AGGRESSIVE;
				CLANG_WARN_UNREACHABLE_CODE = YES;
				CLANG_WARN__DUPLICATE_METHOD_MATCH = YES;
				COPY_PHASE_STRIP = NO;
				DEBUG_INFORMATION_FORMAT = dwarf;
				ENABLE_STRICT_OBJC_MSGSEND = YES;
				ENABLE_TESTABILITY = YES;
				GCC_C_LANGUAGE_STANDARD = gnu11;
				GCC_DYNAMIC_NO_PIC = NO;
				GCC_NO_COMMON_BLOCKS = YES;
				GCC_OPTIMIZATION_LEVEL = 0;
				GCC_PREPROCESSOR_DEFINITIONS = (
					"DEBUG=1",
					"$(inherited)",
				);
				GCC_WARN_64_TO_32_BIT_CONVERSION = YES;
				GCC_WARN_ABOUT_RETURN_TYPE = YES_ERROR;
				GCC_WARN_UNDECLARED_SELECTOR = YES;
				GCC_WARN_UNINITIALIZED_AUTOS = YES_AGGRESSIVE;
				GCC_WARN_UNUSED_FUNCTION = YES;
				GCC_WARN_UNUSED_VARIABLE = YES;
				IPHONEOS_DEPLOYMENT_TARGET = 14.1;
				MTL_ENABLE_DEBUG_INFO = INCLUDE_SOURCE;
				MTL_FAST_MATH = YES;
				ONLY_ACTIVE_ARCH = YES;
				SDKROOT = iphoneos;
				SWIFT_ACTIVE_COMPILATION_CONDITIONS = DEBUG;
				SWIFT_OPTIMIZATION_LEVEL = "-Onone";
			};
			name = Debug;
		};
		716FF6FC261EE6AE009AF6F9 /* Release */ = {
			isa = XCBuildConfiguration;
			buildSettings = {
				ALWAYS_SEARCH_USER_PATHS = NO;
				CLANG_ANALYZER_NONNULL = YES;
				CLANG_ANALYZER_NUMBER_OBJECT_CONVERSION = YES_AGGRESSIVE;
				CLANG_CXX_LANGUAGE_STANDARD = "gnu++14";
				CLANG_CXX_LIBRARY = "libc++";
				CLANG_ENABLE_MODULES = YES;
				CLANG_ENABLE_OBJC_ARC = YES;
				CLANG_ENABLE_OBJC_WEAK = YES;
				CLANG_WARN_BLOCK_CAPTURE_AUTORELEASING = YES;
				CLANG_WARN_BOOL_CONVERSION = YES;
				CLANG_WARN_COMMA = YES;
				CLANG_WARN_CONSTANT_CONVERSION = YES;
				CLANG_WARN_DEPRECATED_OBJC_IMPLEMENTATIONS = YES;
				CLANG_WARN_DIRECT_OBJC_ISA_USAGE = YES_ERROR;
				CLANG_WARN_DOCUMENTATION_COMMENTS = YES;
				CLANG_WARN_EMPTY_BODY = YES;
				CLANG_WARN_ENUM_CONVERSION = YES;
				CLANG_WARN_INFINITE_RECURSION = YES;
				CLANG_WARN_INT_CONVERSION = YES;
				CLANG_WARN_NON_LITERAL_NULL_CONVERSION = YES;
				CLANG_WARN_OBJC_IMPLICIT_RETAIN_SELF = YES;
				CLANG_WARN_OBJC_LITERAL_CONVERSION = YES;
				CLANG_WARN_OBJC_ROOT_CLASS = YES_ERROR;
				CLANG_WARN_QUOTED_INCLUDE_IN_FRAMEWORK_HEADER = YES;
				CLANG_WARN_RANGE_LOOP_ANALYSIS = YES;
				CLANG_WARN_STRICT_PROTOTYPES = YES;
				CLANG_WARN_SUSPICIOUS_MOVE = YES;
				CLANG_WARN_UNGUARDED_AVAILABILITY = YES_AGGRESSIVE;
				CLANG_WARN_UNREACHABLE_CODE = YES;
				CLANG_WARN__DUPLICATE_METHOD_MATCH = YES;
				COPY_PHASE_STRIP = NO;
				DEBUG_INFORMATION_FORMAT = "dwarf-with-dsym";
				ENABLE_NS_ASSERTIONS = NO;
				ENABLE_STRICT_OBJC_MSGSEND = YES;
				GCC_C_LANGUAGE_STANDARD = gnu11;
				GCC_NO_COMMON_BLOCKS = YES;
				GCC_WARN_64_TO_32_BIT_CONVERSION = YES;
				GCC_WARN_ABOUT_RETURN_TYPE = YES_ERROR;
				GCC_WARN_UNDECLARED_SELECTOR = YES;
				GCC_WARN_UNINITIALIZED_AUTOS = YES_AGGRESSIVE;
				GCC_WARN_UNUSED_FUNCTION = YES;
				GCC_WARN_UNUSED_VARIABLE = YES;
				IPHONEOS_DEPLOYMENT_TARGET = 14.1;
				MTL_ENABLE_DEBUG_INFO = NO;
				MTL_FAST_MATH = YES;
				SDKROOT = iphoneos;
				SWIFT_COMPILATION_MODE = wholemodule;
				SWIFT_OPTIMIZATION_LEVEL = "-O";
				VALIDATE_PRODUCT = YES;
			};
			name = Release;
		};
		716FF6FE261EE6AE009AF6F9 /* Debug */ = {
			isa = XCBuildConfiguration;
			buildSettings = {
				ASSETCATALOG_COMPILER_APPICON_NAME = AppIcon;
				ASSETCATALOG_COMPILER_GLOBAL_ACCENT_COLOR_NAME = AccentColor;
				CODE_SIGN_STYLE = Automatic;
				DEVELOPMENT_ASSET_PATHS = "\"WeatherForecast/Preview Content\"";
				DEVELOPMENT_TEAM = U44385AS77;
				ENABLE_PREVIEWS = YES;
				INFOPLIST_FILE = WeatherForecast/Info.plist;
				IPHONEOS_DEPLOYMENT_TARGET = 14.0;
				LD_RUNPATH_SEARCH_PATHS = (
					"$(inherited)",
					"@executable_path/Frameworks",
				);
				PRODUCT_BUNDLE_IDENTIFIER = Deepam.WeatherForecast;
				PRODUCT_NAME = "$(TARGET_NAME)";
				SWIFT_VERSION = 5.0;
				TARGETED_DEVICE_FAMILY = "1,2";
			};
			name = Debug;
		};
		716FF6FF261EE6AE009AF6F9 /* Release */ = {
			isa = XCBuildConfiguration;
			buildSettings = {
				ASSETCATALOG_COMPILER_APPICON_NAME = AppIcon;
				ASSETCATALOG_COMPILER_GLOBAL_ACCENT_COLOR_NAME = AccentColor;
				CODE_SIGN_STYLE = Automatic;
				DEVELOPMENT_ASSET_PATHS = "\"WeatherForecast/Preview Content\"";
				DEVELOPMENT_TEAM = U44385AS77;
				ENABLE_PREVIEWS = YES;
				INFOPLIST_FILE = WeatherForecast/Info.plist;
				IPHONEOS_DEPLOYMENT_TARGET = 14.0;
				LD_RUNPATH_SEARCH_PATHS = (
					"$(inherited)",
					"@executable_path/Frameworks",
				);
				PRODUCT_BUNDLE_IDENTIFIER = Deepam.WeatherForecast;
				PRODUCT_NAME = "$(TARGET_NAME)";
				SWIFT_VERSION = 5.0;
				TARGETED_DEVICE_FAMILY = "1,2";
			};
			name = Release;
		};
		716FF701261EE6AE009AF6F9 /* Debug */ = {
			isa = XCBuildConfiguration;
			buildSettings = {
				ALWAYS_EMBED_SWIFT_STANDARD_LIBRARIES = YES;
				BUNDLE_LOADER = "$(TEST_HOST)";
				CODE_SIGN_STYLE = Automatic;
				DEVELOPMENT_TEAM = U44385AS77;
				INFOPLIST_FILE = WeatherForecastTests/Info.plist;
				IPHONEOS_DEPLOYMENT_TARGET = 14.0;
				LD_RUNPATH_SEARCH_PATHS = (
					"$(inherited)",
					"@executable_path/Frameworks",
					"@loader_path/Frameworks",
				);
				PRODUCT_BUNDLE_IDENTIFIER = Deepam.WeatherForecastTests;
				PRODUCT_NAME = "$(TARGET_NAME)";
				SWIFT_VERSION = 5.0;
				TARGETED_DEVICE_FAMILY = "1,2";
				TEST_HOST = "$(BUILT_PRODUCTS_DIR)/WeatherForecast.app/WeatherForecast";
			};
			name = Debug;
		};
		716FF702261EE6AE009AF6F9 /* Release */ = {
			isa = XCBuildConfiguration;
			buildSettings = {
				ALWAYS_EMBED_SWIFT_STANDARD_LIBRARIES = YES;
				BUNDLE_LOADER = "$(TEST_HOST)";
				CODE_SIGN_STYLE = Automatic;
				DEVELOPMENT_TEAM = U44385AS77;
				INFOPLIST_FILE = WeatherForecastTests/Info.plist;
				IPHONEOS_DEPLOYMENT_TARGET = 14.0;
				LD_RUNPATH_SEARCH_PATHS = (
					"$(inherited)",
					"@executable_path/Frameworks",
					"@loader_path/Frameworks",
				);
				PRODUCT_BUNDLE_IDENTIFIER = Deepam.WeatherForecastTests;
				PRODUCT_NAME = "$(TARGET_NAME)";
				SWIFT_VERSION = 5.0;
				TARGETED_DEVICE_FAMILY = "1,2";
				TEST_HOST = "$(BUILT_PRODUCTS_DIR)/WeatherForecast.app/WeatherForecast";
			};
			name = Release;
		};
		716FF704261EE6AE009AF6F9 /* Debug */ = {
			isa = XCBuildConfiguration;
			buildSettings = {
				ALWAYS_EMBED_SWIFT_STANDARD_LIBRARIES = YES;
				CODE_SIGN_STYLE = Automatic;
				DEVELOPMENT_TEAM = U44385AS77;
				INFOPLIST_FILE = WeatherForecastUITests/Info.plist;
				LD_RUNPATH_SEARCH_PATHS = (
					"$(inherited)",
					"@executable_path/Frameworks",
					"@loader_path/Frameworks",
				);
				PRODUCT_BUNDLE_IDENTIFIER = Deepam.WeatherForecastUITests;
				PRODUCT_NAME = "$(TARGET_NAME)";
				SWIFT_VERSION = 5.0;
				TARGETED_DEVICE_FAMILY = "1,2";
				TEST_TARGET_NAME = WeatherForecast;
			};
			name = Debug;
		};
		716FF705261EE6AE009AF6F9 /* Release */ = {
			isa = XCBuildConfiguration;
			buildSettings = {
				ALWAYS_EMBED_SWIFT_STANDARD_LIBRARIES = YES;
				CODE_SIGN_STYLE = Automatic;
				DEVELOPMENT_TEAM = U44385AS77;
				INFOPLIST_FILE = WeatherForecastUITests/Info.plist;
				LD_RUNPATH_SEARCH_PATHS = (
					"$(inherited)",
					"@executable_path/Frameworks",
					"@loader_path/Frameworks",
				);
				PRODUCT_BUNDLE_IDENTIFIER = Deepam.WeatherForecastUITests;
				PRODUCT_NAME = "$(TARGET_NAME)";
				SWIFT_VERSION = 5.0;
				TARGETED_DEVICE_FAMILY = "1,2";
				TEST_TARGET_NAME = WeatherForecast;
			};
			name = Release;
		};
/* End XCBuildConfiguration section */

/* Begin XCConfigurationList section */
		716FF6D3261EE6A9009AF6F9 /* Build configuration list for PBXProject "WeatherForecast" */ = {
			isa = XCConfigurationList;
			buildConfigurations = (
				716FF6FB261EE6AE009AF6F9 /* Debug */,
				716FF6FC261EE6AE009AF6F9 /* Release */,
			);
			defaultConfigurationIsVisible = 0;
			defaultConfigurationName = Release;
		};
		716FF6FD261EE6AE009AF6F9 /* Build configuration list for PBXNativeTarget "WeatherForecast" */ = {
			isa = XCConfigurationList;
			buildConfigurations = (
				716FF6FE261EE6AE009AF6F9 /* Debug */,
				716FF6FF261EE6AE009AF6F9 /* Release */,
			);
			defaultConfigurationIsVisible = 0;
			defaultConfigurationName = Release;
		};
		716FF700261EE6AE009AF6F9 /* Build configuration list for PBXNativeTarget "WeatherForecastTests" */ = {
			isa = XCConfigurationList;
			buildConfigurations = (
				716FF701261EE6AE009AF6F9 /* Debug */,
				716FF702261EE6AE009AF6F9 /* Release */,
			);
			defaultConfigurationIsVisible = 0;
			defaultConfigurationName = Release;
		};
		716FF703261EE6AE009AF6F9 /* Build configuration list for PBXNativeTarget "WeatherForecastUITests" */ = {
			isa = XCConfigurationList;
			buildConfigurations = (
				716FF704261EE6AE009AF6F9 /* Debug */,
				716FF705261EE6AE009AF6F9 /* Release */,
			);
			defaultConfigurationIsVisible = 0;
			defaultConfigurationName = Release;
		};
/* End XCConfigurationList section */

/* Begin XCRemoteSwiftPackageReference section */
		716D0E722625A19500DE9FEA /* XCRemoteSwiftPackageReference "lottie-ios" */ = {
			isa = XCRemoteSwiftPackageReference;
			repositoryURL = "https://github.com/airbnb/lottie-ios.git";
			requirement = {
				kind = upToNextMajorVersion;
				minimumVersion = 3.2.1;
			};
		};
/* End XCRemoteSwiftPackageReference section */

/* Begin XCSwiftPackageProductDependency section */
		716D0E732625A19500DE9FEA /* Lottie */ = {
			isa = XCSwiftPackageProductDependency;
			package = 716D0E722625A19500DE9FEA /* XCRemoteSwiftPackageReference "lottie-ios" */;
			productName = Lottie;
		};
/* End XCSwiftPackageProductDependency section */
	};
	rootObject = 716FF6D0261EE6A9009AF6F9 /* Project object */;
}
